
Microsoft Visual Studio Solution File, Format Version 12.00
# Visual Studio Version 16
VisualStudioVersion = 16.0.31729.503
MinimumVisualStudioVersion = 10.0.40219.1
Project("{FAE04EC0-301F-11D3-BF4B-00C04F79EFBC}") = "ConsoleApp1.HelloWorld", "ConsoleApp1.HelloWorld\ConsoleApp1.HelloWorld.csproj", "{A320006E-DC56-44CA-9A8F-40A4E7B3B59C}"
EndProject
Global
	GlobalSection(SolutionConfigurationPlatforms) = preSolution
		Debug|Any CPU = Debug|Any CPU
		Release|Any CPU = Release|Any CPU
	EndGlobalSection
	GlobalSection(ProjectConfigurationPlatforms) = postSolution
		{A320006E-DC56-44CA-9A8F-40A4E7B3B59C}.Debug|Any CPU.ActiveCfg = Debug|Any CPU
		{A320006E-DC56-44CA-9A8F-40A4E7B3B59C}.Debug|Any CPU.Build.0 = Debug|Any CPU
		{A320006E-DC56-44CA-9A8F-40A4E7B3B59C}.Release|Any CPU.ActiveCfg = Release|Any CPU
		{A320006E-DC56-44CA-9A8F-40A4E7B3B59C}.Release|Any CPU.Build.0 = Release|Any CPU
	EndGlobalSection
	GlobalSection(SolutionProperties) = preSolution
		HideSolutionNode = FALSE
	EndGlobalSection
	GlobalSection(ExtensibilityGlobals) = postSolution
		SolutionGuid = {EA770EC3-5166-4945-8129-E44BED244A8A}
	EndGlobalSection
EndGlobal
